
Microsoft Visual Studio Solution File, Format Version 12.00
# Visual Studio 15
VisualStudioVersion = 15.0.27130.2027
MinimumVisualStudioVersion = 10.0.40219.1
Project("{2150E333-8FDC-42A3-9474-1A3956D46DE8}") = "1 - API", "1 - API", "{C1D346C5-00E7-4C31-A609-685FB02E5E5D}"
EndProject
Project("{2150E333-8FDC-42A3-9474-1A3956D46DE8}") = "2 - Domain", "2 - Domain", "{A939278D-083C-46C3-A799-2B31A53BB1CD}"
EndProject
Project("{2150E333-8FDC-42A3-9474-1A3956D46DE8}") = "3 - Infra", "3 - Infra", "{A9C5B1F5-469B-4A7A-9A2F-186AA2B574D6}"
EndProject
Project("{FAE04EC0-301F-11D3-BF4B-00C04F79EFBC}") = "ModernStore.Domain", "ModernStore.Domain\ModernStore.Domain.csproj", "{9430F830-8316-486A-BEDD-02215F540087}"
EndProject
Project("{FAE04EC0-301F-11D3-BF4B-00C04F79EFBC}") = "ModernStore.Shared", "ModernStore.Shared\ModernStore.Shared.csproj", "{3CB1174E-FE63-4AAD-98AA-956F28C1ABC3}"
EndProject
Project("{FAE04EC0-301F-11D3-BF4B-00C04F79EFBC}") = "ModernStore.Tests", "ModernStore.Tests\ModernStore.Tests.csproj", "{8821CE07-A20C-4794-8669-E26605425872}"
EndProject
Project("{FAE04EC0-301F-11D3-BF4B-00C04F79EFBC}") = "ModernStore.Infra", "ModernStore.Infra\ModernStore.Infra.csproj", "{7599FE9D-1CED-4C3C-B6A6-80F9D9B8DBBB}"
EndProject
Project("{00D1A9C2-B5F0-4AF3-8072-F6C62B433612}") = "ModernStore.DataBase", "ModernStore.DataBase\ModernStore.DataBase.sqlproj", "{4691A9A5-CD2B-4C8C-A45D-5A959216B4DF}"
EndProject
Global
	GlobalSection(SolutionConfigurationPlatforms) = preSolution
		Debug|Any CPU = Debug|Any CPU
		Release|Any CPU = Release|Any CPU
	EndGlobalSection
	GlobalSection(ProjectConfigurationPlatforms) = postSolution
		{9430F830-8316-486A-BEDD-02215F540087}.Debug|Any CPU.ActiveCfg = Debug|Any CPU
		{9430F830-8316-486A-BEDD-02215F540087}.Debug|Any CPU.Build.0 = Debug|Any CPU
		{9430F830-8316-486A-BEDD-02215F540087}.Release|Any CPU.ActiveCfg = Release|Any CPU
		{9430F830-8316-486A-BEDD-02215F540087}.Release|Any CPU.Build.0 = Release|Any CPU
		{3CB1174E-FE63-4AAD-98AA-956F28C1ABC3}.Debug|Any CPU.ActiveCfg = Debug|Any CPU
		{3CB1174E-FE63-4AAD-98AA-956F28C1ABC3}.Debug|Any CPU.Build.0 = Debug|Any CPU
		{3CB1174E-FE63-4AAD-98AA-956F28C1ABC3}.Release|Any CPU.ActiveCfg = Release|Any CPU
		{3CB1174E-FE63-4AAD-98AA-956F28C1ABC3}.Release|Any CPU.Build.0 = Release|Any CPU
		{8821CE07-A20C-4794-8669-E26605425872}.Debug|Any CPU.ActiveCfg = Debug|Any CPU
		{8821CE07-A20C-4794-8669-E26605425872}.Debug|Any CPU.Build.0 = Debug|Any CPU
		{8821CE07-A20C-4794-8669-E26605425872}.Release|Any CPU.ActiveCfg = Release|Any CPU
		{8821CE07-A20C-4794-8669-E26605425872}.Release|Any CPU.Build.0 = Release|Any CPU
		{7599FE9D-1CED-4C3C-B6A6-80F9D9B8DBBB}.Debug|Any CPU.ActiveCfg = Debug|Any CPU
		{7599FE9D-1CED-4C3C-B6A6-80F9D9B8DBBB}.Debug|Any CPU.Build.0 = Debug|Any CPU
		{7599FE9D-1CED-4C3C-B6A6-80F9D9B8DBBB}.Release|Any CPU.ActiveCfg = Release|Any CPU
		{7599FE9D-1CED-4C3C-B6A6-80F9D9B8DBBB}.Release|Any CPU.Build.0 = Release|Any CPU
		{4691A9A5-CD2B-4C8C-A45D-5A959216B4DF}.Debug|Any CPU.ActiveCfg = Debug|Any CPU
		{4691A9A5-CD2B-4C8C-A45D-5A959216B4DF}.Debug|Any CPU.Build.0 = Debug|Any CPU
		{4691A9A5-CD2B-4C8C-A45D-5A959216B4DF}.Debug|Any CPU.Deploy.0 = Debug|Any CPU
		{4691A9A5-CD2B-4C8C-A45D-5A959216B4DF}.Release|Any CPU.ActiveCfg = Release|Any CPU
		{4691A9A5-CD2B-4C8C-A45D-5A959216B4DF}.Release|Any CPU.Build.0 = Release|Any CPU
		{4691A9A5-CD2B-4C8C-A45D-5A959216B4DF}.Release|Any CPU.Deploy.0 = Release|Any CPU
	EndGlobalSection
	GlobalSection(SolutionProperties) = preSolution
		HideSolutionNode = FALSE
	EndGlobalSection
	GlobalSection(NestedProjects) = preSolution
		{9430F830-8316-486A-BEDD-02215F540087} = {A939278D-083C-46C3-A799-2B31A53BB1CD}
		{3CB1174E-FE63-4AAD-98AA-956F28C1ABC3} = {A939278D-083C-46C3-A799-2B31A53BB1CD}
		{8821CE07-A20C-4794-8669-E26605425872} = {A939278D-083C-46C3-A799-2B31A53BB1CD}
		{7599FE9D-1CED-4C3C-B6A6-80F9D9B8DBBB} = {A9C5B1F5-469B-4A7A-9A2F-186AA2B574D6}
		{4691A9A5-CD2B-4C8C-A45D-5A959216B4DF} = {A9C5B1F5-469B-4A7A-9A2F-186AA2B574D6}
	EndGlobalSection
	GlobalSection(ExtensibilityGlobals) = postSolution
		SolutionGuid = {07E5198F-B1E6-4925-A380-16FFCE0C2C60}
	EndGlobalSection
EndGlobal
